
Microsoft Visual Studio Solution File, Format Version 12.00
# Visual Studio Version 16
VisualStudioVersion = 16.0.32602.291
MinimumVisualStudioVersion = 10.0.40219.1
Project("{FAE04EC0-301F-11D3-BF4B-00C04F79EFBC}") = "QLBHVoGiaThuan.Web", "QLBHVoGiaThuan.Web\QLBHVoGiaThuan.Web.csproj", "{F763D761-7CF7-4401-B420-4F3B0D8C6008}"
EndProject
Project("{FAE04EC0-301F-11D3-BF4B-00C04F79EFBC}") = "QLBHVoGiaThuan.DAL", "QLBHVoGiaThuan.DAL\QLBHVoGiaThuan.DAL.csproj", "{A5948693-0849-4848-BA9A-99281B2E5C6B}"
EndProject
Project("{FAE04EC0-301F-11D3-BF4B-00C04F79EFBC}") = "QLBHVoGiaThuan.BLL", "QLBHVoGiaThuan.BLL\QLBHVoGiaThuan.BLL.csproj", "{279F1D0A-E4BB-404B-A2EC-EFDBCD301CA2}"
EndProject
Project("{FAE04EC0-301F-11D3-BF4B-00C04F79EFBC}") = "QLBHVoGiaThuan.Common", "QLBHVoGiaThuan.Common\QLBHVoGiaThuan.Common.csproj", "{3A6C9FB0-63B8-46CA-B93E-6ADDD9D345B3}"
EndProject
Global
	GlobalSection(SolutionConfigurationPlatforms) = preSolution
		Debug|Any CPU = Debug|Any CPU
		Release|Any CPU = Release|Any CPU
	EndGlobalSection
	GlobalSection(ProjectConfigurationPlatforms) = postSolution
		{F763D761-7CF7-4401-B420-4F3B0D8C6008}.Debug|Any CPU.ActiveCfg = Debug|Any CPU
		{F763D761-7CF7-4401-B420-4F3B0D8C6008}.Debug|Any CPU.Build.0 = Debug|Any CPU
		{F763D761-7CF7-4401-B420-4F3B0D8C6008}.Release|Any CPU.ActiveCfg = Release|Any CPU
		{F763D761-7CF7-4401-B420-4F3B0D8C6008}.Release|Any CPU.Build.0 = Release|Any CPU
		{A5948693-0849-4848-BA9A-99281B2E5C6B}.Debug|Any CPU.ActiveCfg = Debug|Any CPU
		{A5948693-0849-4848-BA9A-99281B2E5C6B}.Debug|Any CPU.Build.0 = Debug|Any CPU
		{A5948693-0849-4848-BA9A-99281B2E5C6B}.Release|Any CPU.ActiveCfg = Release|Any CPU
		{A5948693-0849-4848-BA9A-99281B2E5C6B}.Release|Any CPU.Build.0 = Release|Any CPU
		{279F1D0A-E4BB-404B-A2EC-EFDBCD301CA2}.Debug|Any CPU.ActiveCfg = Debug|Any CPU
		{279F1D0A-E4BB-404B-A2EC-EFDBCD301CA2}.Debug|Any CPU.Build.0 = Debug|Any CPU
		{279F1D0A-E4BB-404B-A2EC-EFDBCD301CA2}.Release|Any CPU.ActiveCfg = Release|Any CPU
		{279F1D0A-E4BB-404B-A2EC-EFDBCD301CA2}.Release|Any CPU.Build.0 = Release|Any CPU
		{3A6C9FB0-63B8-46CA-B93E-6ADDD9D345B3}.Debug|Any CPU.ActiveCfg = Debug|Any CPU
		{3A6C9FB0-63B8-46CA-B93E-6ADDD9D345B3}.Debug|Any CPU.Build.0 = Debug|Any CPU
		{3A6C9FB0-63B8-46CA-B93E-6ADDD9D345B3}.Release|Any CPU.ActiveCfg = Release|Any CPU
		{3A6C9FB0-63B8-46CA-B93E-6ADDD9D345B3}.Release|Any CPU.Build.0 = Release|Any CPU
	EndGlobalSection
	GlobalSection(SolutionProperties) = preSolution
		HideSolutionNode = FALSE
	EndGlobalSection
	GlobalSection(ExtensibilityGlobals) = postSolution
		SolutionGuid = {1859E38D-A9CA-41DF-BAE9-7872E401E58E}
	EndGlobalSection
EndGlobal
